
Microsoft Visual Studio Solution File, Format Version 12.00
# Visual Studio 15
VisualStudioVersion = 15.0.28307.271
MinimumVisualStudioVersion = 10.0.40219.1
Project("{9A19103F-16F7-4668-BE54-9A1E7A4F7556}") = "HousePriceService", "HousePriceService\HousePriceService.csproj", "{B945B2ED-1C47-45A9-96D8-3615C1A70261}"
EndProject
Project("{E24C65DC-7377-472B-9ABA-BC803B73C61A}") = "HousePricePredictorWeb", "HousePricePredictorWeb\", "{1A549FA3-EED6-40AD-9684-9E9C901C31A6}"
	ProjectSection(WebsiteProperties) = preProject
		TargetFrameworkMoniker = ".NETFramework,Version%3Dv4.0"
		Debug.AspNetCompiler.VirtualPath = "/localhost_52274"
		Debug.AspNetCompiler.PhysicalPath = "HousePricePredictorWeb\"
		Debug.AspNetCompiler.TargetPath = "PrecompiledWeb\localhost_52274\"
		Debug.AspNetCompiler.Updateable = "true"
		Debug.AspNetCompiler.ForceOverwrite = "true"
		Debug.AspNetCompiler.FixedNames = "false"
		Debug.AspNetCompiler.Debug = "True"
		Release.AspNetCompiler.VirtualPath = "/localhost_52274"
		Release.AspNetCompiler.PhysicalPath = "HousePricePredictorWeb\"
		Release.AspNetCompiler.TargetPath = "PrecompiledWeb\localhost_52274\"
		Release.AspNetCompiler.Updateable = "true"
		Release.AspNetCompiler.ForceOverwrite = "true"
		Release.AspNetCompiler.FixedNames = "false"
		Release.AspNetCompiler.Debug = "False"
		VWDPort = "52274"
		SlnRelativePath = "HousePricePredictorWeb\"
	EndProjectSection
EndProject
Project("{9A19103F-16F7-4668-BE54-9A1E7A4F7556}") = "HousePriceTraining", "HousePriceTraining\HousePriceTraining.csproj", "{069960BF-DAF1-4D18-AB49-BD35CA7280AC}"
EndProject
Global
	GlobalSection(SolutionConfigurationPlatforms) = preSolution
		Debug|Any CPU = Debug|Any CPU
		Release|Any CPU = Release|Any CPU
	EndGlobalSection
	GlobalSection(ProjectConfigurationPlatforms) = postSolution
		{B945B2ED-1C47-45A9-96D8-3615C1A70261}.Debug|Any CPU.ActiveCfg = Debug|Any CPU
		{B945B2ED-1C47-45A9-96D8-3615C1A70261}.Debug|Any CPU.Build.0 = Debug|Any CPU
		{B945B2ED-1C47-45A9-96D8-3615C1A70261}.Release|Any CPU.ActiveCfg = Release|Any CPU
		{B945B2ED-1C47-45A9-96D8-3615C1A70261}.Release|Any CPU.Build.0 = Release|Any CPU
		{1A549FA3-EED6-40AD-9684-9E9C901C31A6}.Debug|Any CPU.ActiveCfg = Debug|Any CPU
		{1A549FA3-EED6-40AD-9684-9E9C901C31A6}.Debug|Any CPU.Build.0 = Debug|Any CPU
		{1A549FA3-EED6-40AD-9684-9E9C901C31A6}.Release|Any CPU.ActiveCfg = Debug|Any CPU
		{1A549FA3-EED6-40AD-9684-9E9C901C31A6}.Release|Any CPU.Build.0 = Debug|Any CPU
		{069960BF-DAF1-4D18-AB49-BD35CA7280AC}.Debug|Any CPU.ActiveCfg = Debug|Any CPU
		{069960BF-DAF1-4D18-AB49-BD35CA7280AC}.Debug|Any CPU.Build.0 = Debug|Any CPU
		{069960BF-DAF1-4D18-AB49-BD35CA7280AC}.Release|Any CPU.ActiveCfg = Release|Any CPU
		{069960BF-DAF1-4D18-AB49-BD35CA7280AC}.Release|Any CPU.Build.0 = Release|Any CPU
	EndGlobalSection
	GlobalSection(SolutionProperties) = preSolution
		HideSolutionNode = FALSE
	EndGlobalSection
	GlobalSection(ExtensibilityGlobals) = postSolution
		SolutionGuid = {FCF113C5-48A8-4D69-BD75-280FE9E56F5C}
	EndGlobalSection
EndGlobal
